
Microsoft Visual Studio Solution File, Format Version 12.00
Project("{FAE04EC0-301F-11D3-BF4B-00C04F79EFBC}") = "HackerRankPrep", "HackerRankPrep.csproj", "{C7293142-286C-46C4-8F7A-E7437194BB95}"
EndProject
Global
	GlobalSection(SolutionConfigurationPlatforms) = preSolution
		Debug|Any CPU = Debug|Any CPU
		Release|Any CPU = Release|Any CPU
	EndGlobalSection
	GlobalSection(ProjectConfigurationPlatforms) = postSolution
		{C7293142-286C-46C4-8F7A-E7437194BB95}.Debug|Any CPU.ActiveCfg = Debug|Any CPU
		{C7293142-286C-46C4-8F7A-E7437194BB95}.Debug|Any CPU.Build.0 = Debug|Any CPU
		{C7293142-286C-46C4-8F7A-E7437194BB95}.Release|Any CPU.ActiveCfg = Release|Any CPU
		{C7293142-286C-46C4-8F7A-E7437194BB95}.Release|Any CPU.Build.0 = Release|Any CPU
	EndGlobalSection
EndGlobal
